<?xml version="1.0" encoding="utf-8"?>
<Project ToolsVersion="4.0" xmlns="http://schemas.microsoft.com/developer/msbuild/2003">
  <ItemGroup>
    <Filter Include="Source Files">
      <UniqueIdentifier>{4FC737F1-C7A5-4376-A066-2A32D752A2FF}</UniqueIdentifier>
      <Extensions>cpp;c;cc;cxx;def;odl;idl;hpj;bat;asm;asmx</Extensions>
    </Filter>
    <Filter Include="Header Files">
      <UniqueIdentifier>{93995380-89BD-4b04-88EB-625FBE52EBFB}</UniqueIdentifier>
      <Extensions>h;hh;hpp;hxx;hm;inl;inc;ipp;xsd</Extensions>
    </Filter>
    <Filter Include="Resource Files">
      <UniqueIdentifier>{67DA6AB6-F800-4c08-8B7A-83BB121AAD01}</UniqueIdentifier>
      <Extensions>rc;ico;cur;bmp;dlg;rc2;rct;bin;rgs;gif;jpg;jpeg;jpe;resx;tiff;tif;png;wav;mfcribbon-ms</Extensions>
    </Filter>
    <Filter Include="Notes">
      <UniqueIdentifier>{d6a564c6-9399-474d-9f1c-85498dd3f9b6}</UniqueIdentifier>
    </Filter>
    <Filter Include="Solvers">
      <UniqueIdentifier>{71baa5db-0655-49bc-861f-d3d6e8b02192}</UniqueIdentifier>
    </Filter>
    <Filter Include="Game">
      <UniqueIdentifier>{1fe430c3-6f6e-4ed4-aaca-42c515eed2c7}</UniqueIdentifier>
    </Filter>
    <Filter Include="AI">
      <UniqueIdentifier>{6f66712a-27ae-4cb9-9939-6a30035a88e5}</UniqueIdentifier>
    </Filter>
  </ItemGroup>
  <ItemGroup>
    <ClCompile Include="main.cpp">
      <Filter>Source Files</Filter>
    </ClCompile>
    <ClCompile Include="Test.cpp">
      <Filter>Source Files</Filter>
    </ClCompile>
    <ClCompile Include="SolverBase.cpp">
      <Filter>Solvers</Filter>
    </ClCompile>
    <ClCompile Include="RandomSolver.cpp">
      <Filter>Solvers</Filter>
    </ClCompile>
    <ClCompile Include="ControllerBase.cpp">
      <Filter>Solvers</Filter>
    </ClCompile>
    <ClCompile Include="BitBoard.cpp">
      <Filter>Game</Filter>
    </ClCompile>
    <ClCompile Include="Board.cpp">
      <Filter>Game</Filter>
    </ClCompile>
    <ClCompile Include="BoardSquare.cpp">
      <Filter>Game</Filter>
    </ClCompile>
    <ClCompile Include="Clock.cpp">
      <Filter>Game</Filter>
    </ClCompile>
    <ClCompile Include="Move.cpp">
      <Filter>Game</Filter>
    </ClCompile>
    <ClCompile Include="Piece.cpp">
      <Filter>Game</Filter>
    </ClCompile>
    <ClCompile Include="Position.cpp">
      <Filter>Game</Filter>
    </ClCompile>
    <ClCompile Include="Timer.cpp">
      <Filter>Game</Filter>
    </ClCompile>
    <ClCompile Include="Node.cpp">
      <Filter>AI</Filter>
    </ClCompile>
    <ClCompile Include="ChessMatch.cpp">
      <Filter>Game</Filter>
    </ClCompile>
    <ClCompile Include="FiftyMoveRule.cpp">
      <Filter>Game</Filter>
    </ClCompile>
    <ClCompile Include="GameState.cpp">
      <Filter>Game</Filter>
    </ClCompile>
    <ClCompile Include="MoveCounter.cpp">
      <Filter>Game</Filter>
    </ClCompile>
    <ClCompile Include="MoveGenerator.cpp">
      <Filter>Game</Filter>
    </ClCompile>
  </ItemGroup>
  <ItemGroup>
    <Text Include="HighLevelDesign.txt">
      <Filter>Notes</Filter>
    </Text>
    <Text Include="View.txt">
      <Filter>Notes</Filter>
    </Text>
    <Text Include="ProgramOptions.txt">
      <Filter>Notes</Filter>
    </Text>
    <Text Include="Notation.txt">
      <Filter>Notes</Filter>
    </Text>
    <Text Include="Goals.txt">
      <Filter>Notes</Filter>
    </Text>
    <Text Include="Classes.txt">
      <Filter>Notes</Filter>
    </Text>
    <Text Include="UCI.txt">
      <Filter>Notes</Filter>
    </Text>
    <Text Include="NameSpaces.txt">
      <Filter>Notes</Filter>
    </Text>
    <Text Include="AI.txt">
      <Filter>Notes</Filter>
    </Text>
    <Text Include="TimeManagement.txt" />
    <Text Include="Database.txt">
      <Filter>Notes</Filter>
    </Text>
    <Text Include="Progress.txt">
      <Filter>Notes</Filter>
    </Text>
    <Text Include="ValidMoveGenerator.txt">
      <Filter>Notes</Filter>
    </Text>
    <Text Include="GameStates.txt">
      <Filter>Notes</Filter>
    </Text>
    <Text Include="Training.txt">
      <Filter>Notes</Filter>
    </Text>
    <Text Include="NodeTree.txt">
      <Filter>Notes</Filter>
    </Text>
  </ItemGroup>
  <ItemGroup>
    <ClInclude Include="Test.h">
      <Filter>Source Files</Filter>
    </ClInclude>
    <ClInclude Include="RandomSolver.h">
      <Filter>Solvers</Filter>
    </ClInclude>
    <ClInclude Include="SolverBase.h">
      <Filter>Solvers</Filter>
    </ClInclude>
    <ClInclude Include="ControllerBase.h">
      <Filter>Solvers</Filter>
    </ClInclude>
    <ClInclude Include="BitBoard.h">
      <Filter>Game</Filter>
    </ClInclude>
    <ClInclude Include="Board.h">
      <Filter>Game</Filter>
    </ClInclude>
    <ClInclude Include="BoardSquare.h">
      <Filter>Game</Filter>
    </ClInclude>
    <ClInclude Include="Clock.h">
      <Filter>Game</Filter>
    </ClInclude>
    <ClInclude Include="Move.h">
      <Filter>Game</Filter>
    </ClInclude>
    <ClInclude Include="Piece.h">
      <Filter>Game</Filter>
    </ClInclude>
    <ClInclude Include="Position.h">
      <Filter>Game</Filter>
    </ClInclude>
    <ClInclude Include="Timer.h">
      <Filter>Game</Filter>
    </ClInclude>
    <ClInclude Include="Node.h">
      <Filter>AI</Filter>
    </ClInclude>
    <ClInclude Include="ChessMatch.h">
      <Filter>Game</Filter>
    </ClInclude>
    <ClInclude Include="GameState.h">
      <Filter>Game</Filter>
    </ClInclude>
    <ClInclude Include="FiftyMoveRule.h">
      <Filter>Game</Filter>
    </ClInclude>
    <ClInclude Include="MoveCounter.h">
      <Filter>Game</Filter>
    </ClInclude>
    <ClInclude Include="MoveGenerator.h">
      <Filter>Game</Filter>
    </ClInclude>
    <ClInclude Include="MoveGeneratorInline.h">
      <Filter>Game</Filter>
    </ClInclude>
  </ItemGroup>
</Project>