<?xml version="1.0" encoding="utf-8"?>
<Project ToolsVersion="4.0" xmlns="http://schemas.microsoft.com/developer/msbuild/2003">
  <ItemGroup>
    <Filter Include="Source Files">
      <UniqueIdentifier>{4FC737F1-C7A5-4376-A066-2A32D752A2FF}</UniqueIdentifier>
      <Extensions>cpp;c;cc;cxx;def;odl;idl;hpj;bat;asm;asmx</Extensions>
    </Filter>
    <Filter Include="Resource Files">
      <UniqueIdentifier>{67DA6AB6-F800-4c08-8B7A-83BB121AAD01}</UniqueIdentifier>
      <Extensions>rc;ico;cur;bmp;dlg;rc2;rct;bin;rgs;gif;jpg;jpeg;jpe;resx;tiff;tif;png;wav;mfcribbon-ms</Extensions>
    </Filter>
    <Filter Include="Notes">
      <UniqueIdentifier>{d6a564c6-9399-474d-9f1c-85498dd3f9b6}</UniqueIdentifier>
    </Filter>
    <Filter Include="Game">
      <UniqueIdentifier>{1fe430c3-6f6e-4ed4-aaca-42c515eed2c7}</UniqueIdentifier>
    </Filter>
    <Filter Include="AI">
      <UniqueIdentifier>{6f66712a-27ae-4cb9-9939-6a30035a88e5}</UniqueIdentifier>
    </Filter>
    <Filter Include="Notes\AI">
      <UniqueIdentifier>{83785567-3bdf-4055-938a-a8d35b544dcd}</UniqueIdentifier>
    </Filter>
    <Filter Include="View">
      <UniqueIdentifier>{aa819620-fd6d-4794-bf31-b7814df36d41}</UniqueIdentifier>
    </Filter>
    <Filter Include="Time">
      <UniqueIdentifier>{74e5bdbb-ab67-4b30-8b2e-3b3a8b1dc5b4}</UniqueIdentifier>
    </Filter>
    <Filter Include="Move">
      <UniqueIdentifier>{de155df7-5aed-436b-8a80-98a0e227f6d4}</UniqueIdentifier>
    </Filter>
    <Filter Include="Analytics">
      <UniqueIdentifier>{0fc2b955-390d-4d1f-86c4-a6117b7d819d}</UniqueIdentifier>
    </Filter>
    <Filter Include="Heuristics">
      <UniqueIdentifier>{df6ca5f1-14f2-4f5a-9fca-f2b3e9704596}</UniqueIdentifier>
    </Filter>
    <Filter Include="Controllers">
      <UniqueIdentifier>{96ce3abc-ba0d-490d-9584-da9f78655775}</UniqueIdentifier>
    </Filter>
    <Filter Include="Weights">
      <UniqueIdentifier>{9c487543-8ab1-476b-8ba4-28a7774c09f4}</UniqueIdentifier>
    </Filter>
    <Filter Include="Benchmarking">
      <UniqueIdentifier>{60e17615-d7cb-4bae-a726-238b09b4f1a1}</UniqueIdentifier>
    </Filter>
    <Filter Include="MoveGenerator">
      <UniqueIdentifier>{4a8acb56-d48e-4bb6-bf8c-c8f8016a5c33}</UniqueIdentifier>
    </Filter>
    <Filter Include="Directions">
      <UniqueIdentifier>{7dd17e2a-86d4-4317-9f2f-fbb56a6da090}</UniqueIdentifier>
    </Filter>
  </ItemGroup>
  <ItemGroup>
    <ClCompile Include="main.cpp">
      <Filter>Source Files</Filter>
    </ClCompile>
    <ClCompile Include="Test.cpp">
      <Filter>Source Files</Filter>
    </ClCompile>
    <ClCompile Include="BitBoard.cpp">
      <Filter>Game</Filter>
    </ClCompile>
    <ClCompile Include="Board.cpp">
      <Filter>Game</Filter>
    </ClCompile>
    <ClCompile Include="BoardSquare.cpp">
      <Filter>Game</Filter>
    </ClCompile>
    <ClCompile Include="Piece.cpp">
      <Filter>Game</Filter>
    </ClCompile>
    <ClCompile Include="Node.cpp">
      <Filter>AI</Filter>
    </ClCompile>
    <ClCompile Include="ChessMatch.cpp">
      <Filter>Game</Filter>
    </ClCompile>
    <ClCompile Include="FiftyMoveRule.cpp">
      <Filter>Game</Filter>
    </ClCompile>
    <ClCompile Include="GameState.cpp">
      <Filter>Game</Filter>
    </ClCompile>
    <ClCompile Include="ViewBase.cpp">
      <Filter>View</Filter>
    </ClCompile>
    <ClCompile Include="TextView.cpp">
      <Filter>View</Filter>
    </ClCompile>
    <ClCompile Include="Clock.cpp">
      <Filter>Time</Filter>
    </ClCompile>
    <ClCompile Include="Timer.cpp">
      <Filter>Time</Filter>
    </ClCompile>
    <ClCompile Include="StopWatch.cpp">
      <Filter>Time</Filter>
    </ClCompile>
    <ClCompile Include="Move.cpp">
      <Filter>Move</Filter>
    </ClCompile>
    <ClCompile Include="MoveCounter.cpp">
      <Filter>Move</Filter>
    </ClCompile>
    <ClCompile Include="MoveList.cpp">
      <Filter>Move</Filter>
    </ClCompile>
    <ClCompile Include="MovePositionPair.cpp">
      <Filter>Move</Filter>
    </ClCompile>
    <ClCompile Include="Position.cpp">
      <Filter>Move</Filter>
    </ClCompile>
    <ClCompile Include="DataMonitor.cpp">
      <Filter>Analytics</Filter>
    </ClCompile>
    <ClCompile Include="Line.cpp">
      <Filter>Analytics</Filter>
    </ClCompile>
    <ClCompile Include="SearchMonitor.cpp">
      <Filter>Analytics</Filter>
    </ClCompile>
    <ClCompile Include="globals.cpp">
      <Filter>Source Files</Filter>
    </ClCompile>
    <ClCompile Include="ApplePieHeuristic.cpp">
      <Filter>Heuristics</Filter>
    </ClCompile>
    <ClCompile Include="HeuristicBase.cpp">
      <Filter>Heuristics</Filter>
    </ClCompile>
    <ClCompile Include="RandomHeuristic.cpp">
      <Filter>Heuristics</Filter>
    </ClCompile>
    <ClCompile Include="AttackChecker.cpp">
      <Filter>Move</Filter>
    </ClCompile>
    <ClCompile Include="ControllerBase.cpp">
      <Filter>Controllers</Filter>
    </ClCompile>
    <ClCompile Include="MinimaxSolver.cpp">
      <Filter>Controllers</Filter>
    </ClCompile>
    <ClCompile Include="RandomSolver.cpp">
      <Filter>Controllers</Filter>
    </ClCompile>
    <ClCompile Include="SolverBase.cpp">
      <Filter>Controllers</Filter>
    </ClCompile>
    <ClCompile Include="KeyboardController.cpp">
      <Filter>Controllers</Filter>
    </ClCompile>
    <ClCompile Include="GameHistory.cpp">
      <Filter>Game</Filter>
    </ClCompile>
    <ClCompile Include="ReplayController.cpp">
      <Filter>Controllers</Filter>
    </ClCompile>
    <ClCompile Include="WeightsBase.cpp">
      <Filter>Weights</Filter>
    </ClCompile>
    <ClCompile Include="ApplePieWeights.cpp">
      <Filter>Weights</Filter>
    </ClCompile>
    <ClCompile Include="WeightsArchive.cpp">
      <Filter>Weights</Filter>
    </ClCompile>
    <ClCompile Include="PositionTable.cpp">
      <Filter>Weights</Filter>
    </ClCompile>
    <ClCompile Include="IWeightsArchive.cpp">
      <Filter>Weights</Filter>
    </ClCompile>
    <ClCompile Include="OWeightsArchive.cpp">
      <Filter>Weights</Filter>
    </ClCompile>
    <ClCompile Include="PerformanceTester.cpp">
      <Filter>Benchmarking</Filter>
    </ClCompile>
    <ClCompile Include="PerformanceLogger.cpp">
      <Filter>Benchmarking</Filter>
    </ClCompile>
    <ClCompile Include="MoveGenerator.cpp">
      <Filter>MoveGenerator</Filter>
    </ClCompile>
    <ClCompile Include="MoveGeneratorHelpers.cpp">
      <Filter>MoveGenerator</Filter>
    </ClCompile>
    <ClCompile Include="Movers.cpp">
      <Filter>Move</Filter>
    </ClCompile>
    <ClCompile Include="Color.cpp">
      <Filter>Source Files</Filter>
    </ClCompile>
    <ClCompile Include="Direction.cpp">
      <Filter>Directions</Filter>
    </ClCompile>
    <ClCompile Include="aaremovethis.cpp">
      <Filter>Source Files</Filter>
    </ClCompile>
    <ClCompile Include="MoveGenerator2.cpp">
      <Filter>MoveGenerator</Filter>
    </ClCompile>
  </ItemGroup>
  <ItemGroup>
    <Text Include="HighLevelDesign.txt">
      <Filter>Notes</Filter>
    </Text>
    <Text Include="View.txt">
      <Filter>Notes</Filter>
    </Text>
    <Text Include="ProgramOptions.txt">
      <Filter>Notes</Filter>
    </Text>
    <Text Include="Notation.txt">
      <Filter>Notes</Filter>
    </Text>
    <Text Include="Goals.txt">
      <Filter>Notes</Filter>
    </Text>
    <Text Include="Classes.txt">
      <Filter>Notes</Filter>
    </Text>
    <Text Include="UCI.txt">
      <Filter>Notes</Filter>
    </Text>
    <Text Include="NameSpaces.txt">
      <Filter>Notes</Filter>
    </Text>
    <Text Include="Progress.txt">
      <Filter>Notes</Filter>
    </Text>
    <Text Include="ValidMoveGenerator.txt">
      <Filter>Notes</Filter>
    </Text>
    <Text Include="GameStates.txt">
      <Filter>Notes</Filter>
    </Text>
    <Text Include="Training.txt">
      <Filter>Notes</Filter>
    </Text>
    <Text Include="NodeTree.txt">
      <Filter>Notes</Filter>
    </Text>
    <Text Include="AI.txt">
      <Filter>Notes\AI</Filter>
    </Text>
    <Text Include="Database.txt">
      <Filter>Notes\AI</Filter>
    </Text>
    <Text Include="SearchFramework.txt">
      <Filter>Notes\AI</Filter>
    </Text>
    <Text Include="TimeManagement.txt">
      <Filter>Notes</Filter>
    </Text>
    <Text Include="SearchMonitor.txt">
      <Filter>Notes\AI</Filter>
    </Text>
    <Text Include="Optimizations.txt">
      <Filter>Notes</Filter>
    </Text>
    <Text Include="Multi_threading.txt">
      <Filter>Notes</Filter>
    </Text>
    <Text Include="UCI_Definition.txt">
      <Filter>Notes</Filter>
    </Text>
    <Text Include="Bugs.txt">
      <Filter>Notes</Filter>
    </Text>
    <Text Include="Versions.txt">
      <Filter>Notes</Filter>
    </Text>
    <Text Include="UCI_DefinitionNotes.txt">
      <Filter>Notes</Filter>
    </Text>
    <Text Include="BenchmarkTesting.txt">
      <Filter>Notes</Filter>
    </Text>
    <Text Include="Benchmarks.txt">
      <Filter>Notes</Filter>
    </Text>
    <Text Include="MoveGeneratorQuintessential.txt">
      <Filter>Notes</Filter>
    </Text>
    <Text Include="MoveGeneratorQuintessential2.txt">
      <Filter>Notes</Filter>
    </Text>
    <Text Include="MoveGeneratorSpecial.txt">
      <Filter>Notes</Filter>
    </Text>
  </ItemGroup>
  <ItemGroup>
    <ClInclude Include="Test.h">
      <Filter>Source Files</Filter>
    </ClInclude>
    <ClInclude Include="BitBoard.h">
      <Filter>Game</Filter>
    </ClInclude>
    <ClInclude Include="Board.h">
      <Filter>Game</Filter>
    </ClInclude>
    <ClInclude Include="BoardSquare.h">
      <Filter>Game</Filter>
    </ClInclude>
    <ClInclude Include="Piece.h">
      <Filter>Game</Filter>
    </ClInclude>
    <ClInclude Include="Node.h">
      <Filter>AI</Filter>
    </ClInclude>
    <ClInclude Include="ChessMatch.h">
      <Filter>Game</Filter>
    </ClInclude>
    <ClInclude Include="GameState.h">
      <Filter>Game</Filter>
    </ClInclude>
    <ClInclude Include="FiftyMoveRule.h">
      <Filter>Game</Filter>
    </ClInclude>
    <ClInclude Include="TextView.h">
      <Filter>View</Filter>
    </ClInclude>
    <ClInclude Include="ViewBase.h">
      <Filter>View</Filter>
    </ClInclude>
    <ClInclude Include="Clock.h">
      <Filter>Time</Filter>
    </ClInclude>
    <ClInclude Include="StopWatch.h">
      <Filter>Time</Filter>
    </ClInclude>
    <ClInclude Include="Timer.h">
      <Filter>Time</Filter>
    </ClInclude>
    <ClInclude Include="Move.h">
      <Filter>Move</Filter>
    </ClInclude>
    <ClInclude Include="MoveCounter.h">
      <Filter>Move</Filter>
    </ClInclude>
    <ClInclude Include="MoveList.h">
      <Filter>Move</Filter>
    </ClInclude>
    <ClInclude Include="MovePositionPair.h">
      <Filter>Move</Filter>
    </ClInclude>
    <ClInclude Include="Position.h">
      <Filter>Move</Filter>
    </ClInclude>
    <ClInclude Include="Line.h">
      <Filter>Analytics</Filter>
    </ClInclude>
    <ClInclude Include="SearchMonitor.h">
      <Filter>Analytics</Filter>
    </ClInclude>
    <ClInclude Include="DataMonitor.h">
      <Filter>Analytics</Filter>
    </ClInclude>
    <ClInclude Include="ApplePieHeuristic.h">
      <Filter>Heuristics</Filter>
    </ClInclude>
    <ClInclude Include="HeuristicBase.h">
      <Filter>Heuristics</Filter>
    </ClInclude>
    <ClInclude Include="Heuristics.hpp">
      <Filter>Heuristics</Filter>
    </ClInclude>
    <ClInclude Include="RandomHeuristic.h">
      <Filter>Heuristics</Filter>
    </ClInclude>
    <ClInclude Include="AttackChecker.h">
      <Filter>Move</Filter>
    </ClInclude>
    <ClInclude Include="ControllerBase.h">
      <Filter>Controllers</Filter>
    </ClInclude>
    <ClInclude Include="MinimaxSolver.h">
      <Filter>Controllers</Filter>
    </ClInclude>
    <ClInclude Include="RandomSolver.h">
      <Filter>Controllers</Filter>
    </ClInclude>
    <ClInclude Include="SolverBase.h">
      <Filter>Controllers</Filter>
    </ClInclude>
    <ClInclude Include="Solvers.hpp">
      <Filter>Controllers</Filter>
    </ClInclude>
    <ClInclude Include="Controllers.hpp">
      <Filter>Controllers</Filter>
    </ClInclude>
    <ClInclude Include="KeyboardController.h">
      <Filter>Controllers</Filter>
    </ClInclude>
    <ClInclude Include="globals.h">
      <Filter>Source Files</Filter>
    </ClInclude>
    <ClInclude Include="PositionInline.h">
      <Filter>Move</Filter>
    </ClInclude>
    <ClInclude Include="GameHistory.h">
      <Filter>Game</Filter>
    </ClInclude>
    <ClInclude Include="ReplayController.h">
      <Filter>Controllers</Filter>
    </ClInclude>
    <ClInclude Include="WeightsBase.h">
      <Filter>Weights</Filter>
    </ClInclude>
    <ClInclude Include="ApplePieWeights.h">
      <Filter>Weights</Filter>
    </ClInclude>
    <ClInclude Include="WeightsArchive.h">
      <Filter>Weights</Filter>
    </ClInclude>
    <ClInclude Include="PositionTable.h">
      <Filter>Weights</Filter>
    </ClInclude>
    <ClInclude Include="Weights.hpp">
      <Filter>Weights</Filter>
    </ClInclude>
    <ClInclude Include="OWeightsArchive.h">
      <Filter>Weights</Filter>
    </ClInclude>
    <ClInclude Include="IWeightsArchive.h">
      <Filter>Weights</Filter>
    </ClInclude>
    <ClInclude Include="PerformanceTester.h">
      <Filter>Benchmarking</Filter>
    </ClInclude>
    <ClInclude Include="PerformanceLogger.h">
      <Filter>Benchmarking</Filter>
    </ClInclude>
    <ClInclude Include="MoveGenerator.h">
      <Filter>MoveGenerator</Filter>
    </ClInclude>
    <ClInclude Include="MoveGeneratorInline.h">
      <Filter>MoveGenerator</Filter>
    </ClInclude>
    <ClInclude Include="MoveGeneratorHelpers.h">
      <Filter>MoveGenerator</Filter>
    </ClInclude>
    <ClInclude Include="Movers.h">
      <Filter>Move</Filter>
    </ClInclude>
    <ClInclude Include="Color.h">
      <Filter>Source Files</Filter>
    </ClInclude>
    <ClInclude Include="Direction.h">
      <Filter>Directions</Filter>
    </ClInclude>
    <ClInclude Include="MoveGenerator2.h">
      <Filter>MoveGenerator</Filter>
    </ClInclude>
  </ItemGroup>
</Project>